
Microsoft Visual Studio Solution File, Format Version 12.00
# Visual Studio Version 17
VisualStudioVersion = 17.2.32616.157
MinimumVisualStudioVersion = 10.0.40219.1
Project("{2150E333-8FDC-42A3-9474-1A3956D46DE8}") = "src", "src", "{C4593F20-CA2F-45DF-A6C5-3532FC121744}"
EndProject
Project("{2150E333-8FDC-42A3-9474-1A3956D46DE8}") = "corePackages", "corePackages", "{BFE6913E-E20C-4A9A-B7BE-988BE8C4BD92}"
EndProject
Project("{FAE04EC0-301F-11D3-BF4B-00C04F79EFBC}") = "Core.Application", "src\corePackages\Core.Application\Core.Application.csproj", "{C9CB49B6-2D64-4BDE-9789-48799BDAF738}"
EndProject
Project("{FAE04EC0-301F-11D3-BF4B-00C04F79EFBC}") = "Core.CrossCuttingCorcerns", "src\corePackages\Core.CrossCuttingCorcerns\Core.CrossCuttingCorcerns.csproj", "{73BA84CC-4DAC-4C70-B32F-B288F2867A43}"
EndProject
Project("{FAE04EC0-301F-11D3-BF4B-00C04F79EFBC}") = "Core.ElasticSearch", "src\corePackages\Core.ElasticSearch\Core.ElasticSearch.csproj", "{0F19C3CC-93F5-4213-A414-21D2D69F1A3C}"
EndProject
Project("{FAE04EC0-301F-11D3-BF4B-00C04F79EFBC}") = "Core.Mailing", "src\corePackages\Core.Mailing\Core.Mailing.csproj", "{329CA735-4355-462A-9613-30148DFDE6DA}"
EndProject
Project("{FAE04EC0-301F-11D3-BF4B-00C04F79EFBC}") = "Core.Persistence", "src\corePackages\Core.Persistence\Core.Persistence.csproj", "{36049432-7F66-4BF9-BA5F-86E2272664F1}"
EndProject
Project("{FAE04EC0-301F-11D3-BF4B-00C04F79EFBC}") = "Core.Security", "src\corePackages\Core.Security\Core.Security.csproj", "{FA9C80F5-C582-411F-B1F0-A2B6FBB8E9E0}"
EndProject
Project("{2150E333-8FDC-42A3-9474-1A3956D46DE8}") = "devs", "devs", "{13AEC649-0317-4B67-8D82-A6846106EA00}"
EndProject
Project("{FAE04EC0-301F-11D3-BF4B-00C04F79EFBC}") = "Application", "src\devs\Application\Application.csproj", "{DF18AB96-3CD4-4EDD-A0A5-0AA5DA02D94A}"
EndProject
Project("{FAE04EC0-301F-11D3-BF4B-00C04F79EFBC}") = "Domain", "src\devs\Domain\Domain.csproj", "{2DED4D57-1DE2-4E4C-ACC5-A0B12C906B3B}"
EndProject
Project("{FAE04EC0-301F-11D3-BF4B-00C04F79EFBC}") = "Infrastructure", "src\devs\Infrastructure\Infrastructure.csproj", "{173FD7FF-DBC9-4DF0-9853-B34972C6A5DE}"
EndProject
Project("{FAE04EC0-301F-11D3-BF4B-00C04F79EFBC}") = "Persistence", "src\devs\Persistence\Persistence.csproj", "{2B1D1EE5-1F76-4DB1-A3C1-9B5C54E9A43A}"
EndProject
Project("{FAE04EC0-301F-11D3-BF4B-00C04F79EFBC}") = "WebAPI", "src\devs\WebAPI\WebAPI.csproj", "{C942C426-3E67-43F3-A560-D795D10AB4E8}"
EndProject
Global
	GlobalSection(SolutionConfigurationPlatforms) = preSolution
		Debug|Any CPU = Debug|Any CPU
		Release|Any CPU = Release|Any CPU
	EndGlobalSection
	GlobalSection(ProjectConfigurationPlatforms) = postSolution
		{C9CB49B6-2D64-4BDE-9789-48799BDAF738}.Debug|Any CPU.ActiveCfg = Debug|Any CPU
		{C9CB49B6-2D64-4BDE-9789-48799BDAF738}.Debug|Any CPU.Build.0 = Debug|Any CPU
		{C9CB49B6-2D64-4BDE-9789-48799BDAF738}.Release|Any CPU.ActiveCfg = Release|Any CPU
		{C9CB49B6-2D64-4BDE-9789-48799BDAF738}.Release|Any CPU.Build.0 = Release|Any CPU
		{73BA84CC-4DAC-4C70-B32F-B288F2867A43}.Debug|Any CPU.ActiveCfg = Debug|Any CPU
		{73BA84CC-4DAC-4C70-B32F-B288F2867A43}.Debug|Any CPU.Build.0 = Debug|Any CPU
		{73BA84CC-4DAC-4C70-B32F-B288F2867A43}.Release|Any CPU.ActiveCfg = Release|Any CPU
		{73BA84CC-4DAC-4C70-B32F-B288F2867A43}.Release|Any CPU.Build.0 = Release|Any CPU
		{0F19C3CC-93F5-4213-A414-21D2D69F1A3C}.Debug|Any CPU.ActiveCfg = Debug|Any CPU
		{0F19C3CC-93F5-4213-A414-21D2D69F1A3C}.Debug|Any CPU.Build.0 = Debug|Any CPU
		{0F19C3CC-93F5-4213-A414-21D2D69F1A3C}.Release|Any CPU.ActiveCfg = Release|Any CPU
		{0F19C3CC-93F5-4213-A414-21D2D69F1A3C}.Release|Any CPU.Build.0 = Release|Any CPU
		{329CA735-4355-462A-9613-30148DFDE6DA}.Debug|Any CPU.ActiveCfg = Debug|Any CPU
		{329CA735-4355-462A-9613-30148DFDE6DA}.Debug|Any CPU.Build.0 = Debug|Any CPU
		{329CA735-4355-462A-9613-30148DFDE6DA}.Release|Any CPU.ActiveCfg = Release|Any CPU
		{329CA735-4355-462A-9613-30148DFDE6DA}.Release|Any CPU.Build.0 = Release|Any CPU
		{36049432-7F66-4BF9-BA5F-86E2272664F1}.Debug|Any CPU.ActiveCfg = Debug|Any CPU
		{36049432-7F66-4BF9-BA5F-86E2272664F1}.Debug|Any CPU.Build.0 = Debug|Any CPU
		{36049432-7F66-4BF9-BA5F-86E2272664F1}.Release|Any CPU.ActiveCfg = Release|Any CPU
		{36049432-7F66-4BF9-BA5F-86E2272664F1}.Release|Any CPU.Build.0 = Release|Any CPU
		{FA9C80F5-C582-411F-B1F0-A2B6FBB8E9E0}.Debug|Any CPU.ActiveCfg = Debug|Any CPU
		{FA9C80F5-C582-411F-B1F0-A2B6FBB8E9E0}.Debug|Any CPU.Build.0 = Debug|Any CPU
		{FA9C80F5-C582-411F-B1F0-A2B6FBB8E9E0}.Release|Any CPU.ActiveCfg = Release|Any CPU
		{FA9C80F5-C582-411F-B1F0-A2B6FBB8E9E0}.Release|Any CPU.Build.0 = Release|Any CPU
		{DF18AB96-3CD4-4EDD-A0A5-0AA5DA02D94A}.Debug|Any CPU.ActiveCfg = Debug|Any CPU
		{DF18AB96-3CD4-4EDD-A0A5-0AA5DA02D94A}.Debug|Any CPU.Build.0 = Debug|Any CPU
		{DF18AB96-3CD4-4EDD-A0A5-0AA5DA02D94A}.Release|Any CPU.ActiveCfg = Release|Any CPU
		{DF18AB96-3CD4-4EDD-A0A5-0AA5DA02D94A}.Release|Any CPU.Build.0 = Release|Any CPU
		{2DED4D57-1DE2-4E4C-ACC5-A0B12C906B3B}.Debug|Any CPU.ActiveCfg = Debug|Any CPU
		{2DED4D57-1DE2-4E4C-ACC5-A0B12C906B3B}.Debug|Any CPU.Build.0 = Debug|Any CPU
		{2DED4D57-1DE2-4E4C-ACC5-A0B12C906B3B}.Release|Any CPU.ActiveCfg = Release|Any CPU
		{2DED4D57-1DE2-4E4C-ACC5-A0B12C906B3B}.Release|Any CPU.Build.0 = Release|Any CPU
		{173FD7FF-DBC9-4DF0-9853-B34972C6A5DE}.Debug|Any CPU.ActiveCfg = Debug|Any CPU
		{173FD7FF-DBC9-4DF0-9853-B34972C6A5DE}.Debug|Any CPU.Build.0 = Debug|Any CPU
		{173FD7FF-DBC9-4DF0-9853-B34972C6A5DE}.Release|Any CPU.ActiveCfg = Release|Any CPU
		{173FD7FF-DBC9-4DF0-9853-B34972C6A5DE}.Release|Any CPU.Build.0 = Release|Any CPU
		{2B1D1EE5-1F76-4DB1-A3C1-9B5C54E9A43A}.Debug|Any CPU.ActiveCfg = Debug|Any CPU
		{2B1D1EE5-1F76-4DB1-A3C1-9B5C54E9A43A}.Debug|Any CPU.Build.0 = Debug|Any CPU
		{2B1D1EE5-1F76-4DB1-A3C1-9B5C54E9A43A}.Release|Any CPU.ActiveCfg = Release|Any CPU
		{2B1D1EE5-1F76-4DB1-A3C1-9B5C54E9A43A}.Release|Any CPU.Build.0 = Release|Any CPU
		{C942C426-3E67-43F3-A560-D795D10AB4E8}.Debug|Any CPU.ActiveCfg = Debug|Any CPU
		{C942C426-3E67-43F3-A560-D795D10AB4E8}.Debug|Any CPU.Build.0 = Debug|Any CPU
		{C942C426-3E67-43F3-A560-D795D10AB4E8}.Release|Any CPU.ActiveCfg = Release|Any CPU
		{C942C426-3E67-43F3-A560-D795D10AB4E8}.Release|Any CPU.Build.0 = Release|Any CPU
	EndGlobalSection
	GlobalSection(SolutionProperties) = preSolution
		HideSolutionNode = FALSE
	EndGlobalSection
	GlobalSection(NestedProjects) = preSolution
		{BFE6913E-E20C-4A9A-B7BE-988BE8C4BD92} = {C4593F20-CA2F-45DF-A6C5-3532FC121744}
		{C9CB49B6-2D64-4BDE-9789-48799BDAF738} = {BFE6913E-E20C-4A9A-B7BE-988BE8C4BD92}
		{73BA84CC-4DAC-4C70-B32F-B288F2867A43} = {BFE6913E-E20C-4A9A-B7BE-988BE8C4BD92}
		{0F19C3CC-93F5-4213-A414-21D2D69F1A3C} = {BFE6913E-E20C-4A9A-B7BE-988BE8C4BD92}
		{329CA735-4355-462A-9613-30148DFDE6DA} = {BFE6913E-E20C-4A9A-B7BE-988BE8C4BD92}
		{36049432-7F66-4BF9-BA5F-86E2272664F1} = {BFE6913E-E20C-4A9A-B7BE-988BE8C4BD92}
		{FA9C80F5-C582-411F-B1F0-A2B6FBB8E9E0} = {BFE6913E-E20C-4A9A-B7BE-988BE8C4BD92}
		{13AEC649-0317-4B67-8D82-A6846106EA00} = {C4593F20-CA2F-45DF-A6C5-3532FC121744}
		{DF18AB96-3CD4-4EDD-A0A5-0AA5DA02D94A} = {13AEC649-0317-4B67-8D82-A6846106EA00}
		{2DED4D57-1DE2-4E4C-ACC5-A0B12C906B3B} = {13AEC649-0317-4B67-8D82-A6846106EA00}
		{173FD7FF-DBC9-4DF0-9853-B34972C6A5DE} = {13AEC649-0317-4B67-8D82-A6846106EA00}
		{2B1D1EE5-1F76-4DB1-A3C1-9B5C54E9A43A} = {13AEC649-0317-4B67-8D82-A6846106EA00}
		{C942C426-3E67-43F3-A560-D795D10AB4E8} = {13AEC649-0317-4B67-8D82-A6846106EA00}
	EndGlobalSection
	GlobalSection(ExtensibilityGlobals) = postSolution
		SolutionGuid = {78869F2C-827D-49E0-B6DB-5E5B0A06697D}
	EndGlobalSection
EndGlobal
